{
    "version": 3,
    "terraform_version": "0.12.29",
    "serial": 1,
    "lineage": "662151a3-e925-928e-2e4c-3828e8f8388f",
    "modules": [
        {
            "path": [
                "root"
            ],
            "outputs": {
                "aws_lb_listener_tfer--arn-003A-aws-003A-elasticloadbalancing-003A-eu-002D-north-002D-1-003A-145504712931-003A-listener-002F-app-002F-G6C1-002F-54f4b00d25e52a1f-002F-ad0b0b7844ff45cb_id": {
                    "sensitive": false,
                    "type": "string",
                    "value": "arn:aws:elasticloadbalancing:eu-north-1:145504712931:listener/app/G6C1/54f4b00d25e52a1f/ad0b0b7844ff45cb"
                },
                "aws_lb_target_group_attachment_tfer--arn-003A-aws-003A-elasticloadbalancing-003A-eu-002D-north-002D-1-003A-145504712931-003A-targetgroup-002F-G6C1-002D-TG-002D-publicServers-002F-88ca33ae8a478720-002D-20220630214541579100000001_id": {
                    "sensitive": false,
                    "type": "string",
                    "value": "arn:aws:elasticloadbalancing:eu-north-1:145504712931:targetgroup/G6C1-TG-publicServers/88ca33ae8a478720-20220630214541579100000001"
                },
                "aws_lb_target_group_attachment_tfer--arn-003A-aws-003A-elasticloadbalancing-003A-eu-002D-north-002D-1-003A-145504712931-003A-targetgroup-002F-G6C1-002D-TG-002D-publicServers-002F-88ca33ae8a478720-002D-20220630214541579100000002_id": {
                    "sensitive": false,
                    "type": "string",
                    "value": "arn:aws:elasticloadbalancing:eu-north-1:145504712931:targetgroup/G6C1-TG-publicServers/88ca33ae8a478720-20220630214541579100000002"
                },
                "aws_lb_target_group_tfer--G6C1-002D-TG-002D-publicServers_id": {
                    "sensitive": false,
                    "type": "string",
                    "value": "arn:aws:elasticloadbalancing:eu-north-1:145504712931:targetgroup/G6C1-TG-publicServers/88ca33ae8a478720"
                },
                "aws_lb_tfer--G6C1_id": {
                    "sensitive": false,
                    "type": "string",
                    "value": "arn:aws:elasticloadbalancing:eu-north-1:145504712931:loadbalancer/app/G6C1/54f4b00d25e52a1f"
                }
            },
            "resources": {
                "aws_lb.tfer--G6C1": {
                    "type": "aws_lb",
                    "depends_on": [],
                    "primary": {
                        "id": "arn:aws:elasticloadbalancing:eu-north-1:145504712931:loadbalancer/app/G6C1/54f4b00d25e52a1f",
                        "attributes": {
                            "access_logs.#": "1",
                            "access_logs.0.bucket": "",
                            "access_logs.0.enabled": "false",
                            "access_logs.0.prefix": "",
                            "arn": "arn:aws:elasticloadbalancing:eu-north-1:145504712931:loadbalancer/app/G6C1/54f4b00d25e52a1f",
                            "arn_suffix": "app/G6C1/54f4b00d25e52a1f",
                            "customer_owned_ipv4_pool": "",
                            "desync_mitigation_mode": "defensive",
                            "dns_name": "G6C1-2076445147.eu-north-1.elb.amazonaws.com",
                            "drop_invalid_header_fields": "false",
                            "enable_deletion_protection": "false",
                            "enable_http2": "true",
                            "enable_waf_fail_open": "false",
                            "id": "arn:aws:elasticloadbalancing:eu-north-1:145504712931:loadbalancer/app/G6C1/54f4b00d25e52a1f",
                            "idle_timeout": "60",
                            "internal": "false",
                            "ip_address_type": "ipv4",
                            "load_balancer_type": "application",
                            "name": "G6C1",
                            "security_groups.#": "1",
                            "security_groups.0": "sg-0901a9123d68df0b1",
                            "subnet_mapping.#": "2",
                            "subnet_mapping.0.allocation_id": "",
                            "subnet_mapping.0.ipv6_address": "",
                            "subnet_mapping.0.outpost_id": "",
                            "subnet_mapping.0.private_ipv4_address": "",
                            "subnet_mapping.0.subnet_id": "subnet-0a99dd0b451710b25",
                            "subnet_mapping.1.allocation_id": "",
                            "subnet_mapping.1.ipv6_address": "",
                            "subnet_mapping.1.outpost_id": "",
                            "subnet_mapping.1.private_ipv4_address": "",
                            "subnet_mapping.1.subnet_id": "subnet-0cb1e3d226b95a239",
                            "subnets.#": "2",
                            "subnets.0": "subnet-0a99dd0b451710b25",
                            "subnets.1": "subnet-0cb1e3d226b95a239",
                            "tags.%": "0",
                            "tags_all.%": "0",
                            "vpc_id": "vpc-0e29e34be3b7e7717",
                            "zone_id": "Z23TAZ6LKFMNIO"
                        },
                        "meta": {
                            "schema_version": 0
                        },
                        "tainted": false
                    },
                    "deposed": [],
                    "provider": "provider.aws"
                },
                "aws_lb_listener.tfer--arn-003A-aws-003A-elasticloadbalancing-003A-eu-002D-north-002D-1-003A-145504712931-003A-listener-002F-app-002F-G6C1-002F-54f4b00d25e52a1f-002F-ad0b0b7844ff45cb": {
                    "type": "aws_lb_listener",
                    "depends_on": [],
                    "primary": {
                        "id": "arn:aws:elasticloadbalancing:eu-north-1:145504712931:listener/app/G6C1/54f4b00d25e52a1f/ad0b0b7844ff45cb",
                        "attributes": {
                            "arn": "arn:aws:elasticloadbalancing:eu-north-1:145504712931:listener/app/G6C1/54f4b00d25e52a1f/ad0b0b7844ff45cb",
                            "default_action.#": "1",
                            "default_action.0.authenticate_cognito.#": "0",
                            "default_action.0.authenticate_oidc.#": "0",
                            "default_action.0.fixed_response.#": "0",
                            "default_action.0.forward.#": "0",
                            "default_action.0.order": "0",
                            "default_action.0.redirect.#": "0",
                            "default_action.0.target_group_arn": "arn:aws:elasticloadbalancing:eu-north-1:145504712931:targetgroup/G6C1-TG-publicServers/88ca33ae8a478720",
                            "default_action.0.type": "forward",
                            "id": "arn:aws:elasticloadbalancing:eu-north-1:145504712931:listener/app/G6C1/54f4b00d25e52a1f/ad0b0b7844ff45cb",
                            "load_balancer_arn": "arn:aws:elasticloadbalancing:eu-north-1:145504712931:loadbalancer/app/G6C1/54f4b00d25e52a1f",
                            "port": "80",
                            "protocol": "HTTP",
                            "ssl_policy": "",
                            "tags.%": "0",
                            "tags_all.%": "0"
                        },
                        "meta": {
                            "schema_version": 0
                        },
                        "tainted": false
                    },
                    "deposed": [],
                    "provider": "provider.aws"
                },
                "aws_lb_target_group.tfer--G6C1-002D-TG-002D-publicServers": {
                    "type": "aws_lb_target_group",
                    "depends_on": [],
                    "primary": {
                        "id": "arn:aws:elasticloadbalancing:eu-north-1:145504712931:targetgroup/G6C1-TG-publicServers/88ca33ae8a478720",
                        "attributes": {
                            "arn": "arn:aws:elasticloadbalancing:eu-north-1:145504712931:targetgroup/G6C1-TG-publicServers/88ca33ae8a478720",
                            "arn_suffix": "targetgroup/G6C1-TG-publicServers/88ca33ae8a478720",
                            "deregistration_delay": "300",
                            "health_check.#": "1",
                            "health_check.0.enabled": "true",
                            "health_check.0.healthy_threshold": "5",
                            "health_check.0.interval": "30",
                            "health_check.0.matcher": "200",
                            "health_check.0.path": "/",
                            "health_check.0.port": "traffic-port",
                            "health_check.0.protocol": "HTTP",
                            "health_check.0.timeout": "5",
                            "health_check.0.unhealthy_threshold": "2",
                            "id": "arn:aws:elasticloadbalancing:eu-north-1:145504712931:targetgroup/G6C1-TG-publicServers/88ca33ae8a478720",
                            "load_balancing_algorithm_type": "round_robin",
                            "name": "G6C1-TG-publicServers",
                            "port": "80",
                            "protocol": "HTTP",
                            "protocol_version": "HTTP1",
                            "slow_start": "0",
                            "stickiness.#": "1",
                            "stickiness.0.cookie_duration": "86400",
                            "stickiness.0.cookie_name": "",
                            "stickiness.0.enabled": "false",
                            "stickiness.0.type": "lb_cookie",
                            "tags.%": "0",
                            "tags_all.%": "0",
                            "target_type": "instance",
                            "vpc_id": "vpc-0e29e34be3b7e7717"
                        },
                        "meta": {
                            "schema_version": 0
                        },
                        "tainted": false
                    },
                    "deposed": [],
                    "provider": "provider.aws"
                },
                "aws_lb_target_group_attachment.tfer--arn-003A-aws-003A-elasticloadbalancing-003A-eu-002D-north-002D-1-003A-145504712931-003A-targetgroup-002F-G6C1-002D-TG-002D-publicServers-002F-88ca33ae8a478720-002D-20220630214541579100000001": {
                    "type": "aws_lb_target_group_attachment",
                    "depends_on": [],
                    "primary": {
                        "id": "arn:aws:elasticloadbalancing:eu-north-1:145504712931:targetgroup/G6C1-TG-publicServers/88ca33ae8a478720-20220630214541579100000001",
                        "attributes": {
                            "id": "arn:aws:elasticloadbalancing:eu-north-1:145504712931:targetgroup/G6C1-TG-publicServers/88ca33ae8a478720-20220630214541579100000001",
                            "target_group_arn": "arn:aws:elasticloadbalancing:eu-north-1:145504712931:targetgroup/G6C1-TG-publicServers/88ca33ae8a478720",
                            "target_id": "i-034ef118c3365bb80"
                        },
                        "meta": {
                            "schema_version": 0
                        },
                        "tainted": false
                    },
                    "deposed": [],
                    "provider": "provider.aws"
                },
                "aws_lb_target_group_attachment.tfer--arn-003A-aws-003A-elasticloadbalancing-003A-eu-002D-north-002D-1-003A-145504712931-003A-targetgroup-002F-G6C1-002D-TG-002D-publicServers-002F-88ca33ae8a478720-002D-20220630214541579100000002": {
                    "type": "aws_lb_target_group_attachment",
                    "depends_on": [],
                    "primary": {
                        "id": "arn:aws:elasticloadbalancing:eu-north-1:145504712931:targetgroup/G6C1-TG-publicServers/88ca33ae8a478720-20220630214541579100000002",
                        "attributes": {
                            "id": "arn:aws:elasticloadbalancing:eu-north-1:145504712931:targetgroup/G6C1-TG-publicServers/88ca33ae8a478720-20220630214541579100000002",
                            "target_group_arn": "arn:aws:elasticloadbalancing:eu-north-1:145504712931:targetgroup/G6C1-TG-publicServers/88ca33ae8a478720",
                            "target_id": "i-0ec2b747327f9a334"
                        },
                        "meta": {
                            "schema_version": 0
                        },
                        "tainted": false
                    },
                    "deposed": [],
                    "provider": "provider.aws"
                }
            },
            "depends_on": []
        }
    ]
}
