{
    "version": 3,
    "terraform_version": "0.12.29",
    "serial": 1,
    "lineage": "86e418c9-ccff-5080-1d8e-592a1a85ea03",
    "modules": [
        {
            "path": [
                "root"
            ],
            "outputs": {
                "aws_route53_record_tfer--Z00051292T27FQCQQSLM4_digitalbooking-002E-gq-002E-_A__id": {
                    "sensitive": false,
                    "type": "string",
                    "value": "Z00051292T27FQCQQSLM4_digitalbooking.gq._A_"
                },
                "aws_route53_record_tfer--Z00051292T27FQCQQSLM4_digitalbooking-002E-gq-002E-_NS__id": {
                    "sensitive": false,
                    "type": "string",
                    "value": "Z00051292T27FQCQQSLM4_digitalbooking.gq._NS_"
                },
                "aws_route53_record_tfer--Z00051292T27FQCQQSLM4_digitalbooking-002E-gq-002E-_SOA__id": {
                    "sensitive": false,
                    "type": "string",
                    "value": "Z00051292T27FQCQQSLM4_digitalbooking.gq._SOA_"
                },
                "aws_route53_record_tfer--Z00051292T27FQCQQSLM4_www-002E-digitalbooking-002E-gq-002E-_A__id": {
                    "sensitive": false,
                    "type": "string",
                    "value": "Z00051292T27FQCQQSLM4_www.digitalbooking.gq._A_"
                },
                "aws_route53_record_tfer--Z01802632ZFK3F8UWNT5V_newdestiny-002E-tech-002E-_A__id": {
                    "sensitive": false,
                    "type": "string",
                    "value": "Z01802632ZFK3F8UWNT5V_newdestiny.tech._A_"
                },
                "aws_route53_record_tfer--Z01802632ZFK3F8UWNT5V_newdestiny-002E-tech-002E-_NS__id": {
                    "sensitive": false,
                    "type": "string",
                    "value": "Z01802632ZFK3F8UWNT5V_newdestiny.tech._NS_"
                },
                "aws_route53_record_tfer--Z01802632ZFK3F8UWNT5V_newdestiny-002E-tech-002E-_SOA__id": {
                    "sensitive": false,
                    "type": "string",
                    "value": "Z01802632ZFK3F8UWNT5V_newdestiny.tech._SOA_"
                },
                "aws_route53_record_tfer--Z01846913CVFJ2I8G77DU_homu-002E-online-002E-_A__id": {
                    "sensitive": false,
                    "type": "string",
                    "value": "Z01846913CVFJ2I8G77DU_homu.online._A_"
                },
                "aws_route53_record_tfer--Z01846913CVFJ2I8G77DU_homu-002E-online-002E-_NS__id": {
                    "sensitive": false,
                    "type": "string",
                    "value": "Z01846913CVFJ2I8G77DU_homu.online._NS_"
                },
                "aws_route53_record_tfer--Z01846913CVFJ2I8G77DU_homu-002E-online-002E-_SOA__id": {
                    "sensitive": false,
                    "type": "string",
                    "value": "Z01846913CVFJ2I8G77DU_homu.online._SOA_"
                },
                "aws_route53_record_tfer--Z018514937DC2LV2IH2Q6_code-002D-inn-002E-ar-002E-_A__id": {
                    "sensitive": false,
                    "type": "string",
                    "value": "Z018514937DC2LV2IH2Q6_code-inn.ar._A_"
                },
                "aws_route53_record_tfer--Z018514937DC2LV2IH2Q6_code-002D-inn-002E-ar-002E-_NS__id": {
                    "sensitive": false,
                    "type": "string",
                    "value": "Z018514937DC2LV2IH2Q6_code-inn.ar._NS_"
                },
                "aws_route53_record_tfer--Z018514937DC2LV2IH2Q6_code-002D-inn-002E-ar-002E-_SOA__id": {
                    "sensitive": false,
                    "type": "string",
                    "value": "Z018514937DC2LV2IH2Q6_code-inn.ar._SOA_"
                },
                "aws_route53_record_tfer--Z02644523J7DAR0MF1IP0_remo-002D-digitalbooking-002E-click-002E-_A__id": {
                    "sensitive": false,
                    "type": "string",
                    "value": "Z02644523J7DAR0MF1IP0_remo-digitalbooking.click._A_"
                },
                "aws_route53_record_tfer--Z02644523J7DAR0MF1IP0_remo-002D-digitalbooking-002E-click-002E-_NS__id": {
                    "sensitive": false,
                    "type": "string",
                    "value": "Z02644523J7DAR0MF1IP0_remo-digitalbooking.click._NS_"
                },
                "aws_route53_record_tfer--Z02644523J7DAR0MF1IP0_remo-002D-digitalbooking-002E-click-002E-_SOA__id": {
                    "sensitive": false,
                    "type": "string",
                    "value": "Z02644523J7DAR0MF1IP0_remo-digitalbooking.click._SOA_"
                },
                "aws_route53_record_tfer--Z03247112NK96B0NBWA3D_dev-002E-digitalbooking-002E-ddns-002E-net-002E-_A__id": {
                    "sensitive": false,
                    "type": "string",
                    "value": "Z03247112NK96B0NBWA3D_dev.digitalbooking.ddns.net._A_"
                },
                "aws_route53_record_tfer--Z03247112NK96B0NBWA3D_digitalbooking-002E-ddns-002E-net-002E-_NS__id": {
                    "sensitive": false,
                    "type": "string",
                    "value": "Z03247112NK96B0NBWA3D_digitalbooking.ddns.net._NS_"
                },
                "aws_route53_record_tfer--Z03247112NK96B0NBWA3D_digitalbooking-002E-ddns-002E-net-002E-_SOA__id": {
                    "sensitive": false,
                    "type": "string",
                    "value": "Z03247112NK96B0NBWA3D_digitalbooking.ddns.net._SOA_"
                },
                "aws_route53_record_tfer--Z03247112NK96B0NBWA3D_www-002E-digitalbooking-002E-ddns-002E-net-002E-_CNAME__id": {
                    "sensitive": false,
                    "type": "string",
                    "value": "Z03247112NK96B0NBWA3D_www.digitalbooking.ddns.net._CNAME_"
                },
                "aws_route53_record_tfer--Z04291301MCSO7B1DONMF_digitalzooking-002E-sytes-002E-net-002E-_A__id": {
                    "sensitive": false,
                    "type": "string",
                    "value": "Z04291301MCSO7B1DONMF_digitalzooking.sytes.net._A_"
                },
                "aws_route53_record_tfer--Z04291301MCSO7B1DONMF_digitalzooking-002E-sytes-002E-net-002E-_NS__id": {
                    "sensitive": false,
                    "type": "string",
                    "value": "Z04291301MCSO7B1DONMF_digitalzooking.sytes.net._NS_"
                },
                "aws_route53_record_tfer--Z04291301MCSO7B1DONMF_digitalzooking-002E-sytes-002E-net-002E-_SOA__id": {
                    "sensitive": false,
                    "type": "string",
                    "value": "Z04291301MCSO7B1DONMF_digitalzooking.sytes.net._SOA_"
                },
                "aws_route53_record_tfer--Z07926372NVPPFQ2XLANY_digitalbooking-002E-cf-002E-_A__id": {
                    "sensitive": false,
                    "type": "string",
                    "value": "Z07926372NVPPFQ2XLANY_digitalbooking.cf._A_"
                },
                "aws_route53_record_tfer--Z07926372NVPPFQ2XLANY_digitalbooking-002E-cf-002E-_NS__id": {
                    "sensitive": false,
                    "type": "string",
                    "value": "Z07926372NVPPFQ2XLANY_digitalbooking.cf._NS_"
                },
                "aws_route53_record_tfer--Z07926372NVPPFQ2XLANY_digitalbooking-002E-cf-002E-_SOA__id": {
                    "sensitive": false,
                    "type": "string",
                    "value": "Z07926372NVPPFQ2XLANY_digitalbooking.cf._SOA_"
                },
                "aws_route53_record_tfer--Z07926372NVPPFQ2XLANY_www-002E-digitalbooking-002E-cf-002E-_A__id": {
                    "sensitive": false,
                    "type": "string",
                    "value": "Z07926372NVPPFQ2XLANY_www.digitalbooking.cf._A_"
                },
                "aws_route53_record_tfer--Z08319491MMJ85TFY350S_dev-002E-digitalbookingg5-002E-com-002E-_A__id": {
                    "sensitive": false,
                    "type": "string",
                    "value": "Z08319491MMJ85TFY350S_dev.digitalbookingg5.com._A_"
                },
                "aws_route53_record_tfer--Z08319491MMJ85TFY350S_digitalbookingg5-002E-com-002E-_NS__id": {
                    "sensitive": false,
                    "type": "string",
                    "value": "Z08319491MMJ85TFY350S_digitalbookingg5.com._NS_"
                },
                "aws_route53_record_tfer--Z08319491MMJ85TFY350S_digitalbookingg5-002E-com-002E-_SOA__id": {
                    "sensitive": false,
                    "type": "string",
                    "value": "Z08319491MMJ85TFY350S_digitalbookingg5.com._SOA_"
                },
                "aws_route53_record_tfer--Z08902081C9UQY9AOULWD_comotuhogar-002E-ddns-002E-net-002E-_A__id": {
                    "sensitive": false,
                    "type": "string",
                    "value": "Z08902081C9UQY9AOULWD_comotuhogar.ddns.net._A_"
                },
                "aws_route53_record_tfer--Z08902081C9UQY9AOULWD_comotuhogar-002E-ddns-002E-net-002E-_NS__id": {
                    "sensitive": false,
                    "type": "string",
                    "value": "Z08902081C9UQY9AOULWD_comotuhogar.ddns.net._NS_"
                },
                "aws_route53_record_tfer--Z08902081C9UQY9AOULWD_comotuhogar-002E-ddns-002E-net-002E-_SOA__id": {
                    "sensitive": false,
                    "type": "string",
                    "value": "Z08902081C9UQY9AOULWD_comotuhogar.ddns.net._SOA_"
                },
                "aws_route53_record_tfer--Z096030214DPHDTUYRX4W__50d97a0673ae005184d603c71c77958b-002E-bookingdh-002E-xyz-002E-_CNAME__id": {
                    "sensitive": false,
                    "type": "string",
                    "value": "Z096030214DPHDTUYRX4W__50d97a0673ae005184d603c71c77958b.bookingdh.xyz._CNAME_"
                },
                "aws_route53_record_tfer--Z096030214DPHDTUYRX4W__amazonses-002E-bookingdh-002E-xyz-002E-_TXT__id": {
                    "sensitive": false,
                    "type": "string",
                    "value": "Z096030214DPHDTUYRX4W__amazonses.bookingdh.xyz._TXT_"
                },
                "aws_route53_record_tfer--Z096030214DPHDTUYRX4W_bookingdh-002E-xyz-002E-_A__id": {
                    "sensitive": false,
                    "type": "string",
                    "value": "Z096030214DPHDTUYRX4W_bookingdh.xyz._A_"
                },
                "aws_route53_record_tfer--Z096030214DPHDTUYRX4W_bookingdh-002E-xyz-002E-_NS__id": {
                    "sensitive": false,
                    "type": "string",
                    "value": "Z096030214DPHDTUYRX4W_bookingdh.xyz._NS_"
                },
                "aws_route53_record_tfer--Z096030214DPHDTUYRX4W_bookingdh-002E-xyz-002E-_SOA__id": {
                    "sensitive": false,
                    "type": "string",
                    "value": "Z096030214DPHDTUYRX4W_bookingdh.xyz._SOA_"
                },
                "aws_route53_record_tfer--Z096030214DPHDTUYRX4W_bookingdh-002E-xyz-002E-_TXT__id": {
                    "sensitive": false,
                    "type": "string",
                    "value": "Z096030214DPHDTUYRX4W_bookingdh.xyz._TXT_"
                },
                "aws_route53_record_tfer--Z096030214DPHDTUYRX4W_j7qnusmdsyiehwmq6gose2iuoejo3ucc-002E-_domainkey-002E-bookingdh-002E-xyz-002E-_CNAME__id": {
                    "sensitive": false,
                    "type": "string",
                    "value": "Z096030214DPHDTUYRX4W_j7qnusmdsyiehwmq6gose2iuoejo3ucc._domainkey.bookingdh.xyz._CNAME_"
                },
                "aws_route53_record_tfer--Z096030214DPHDTUYRX4W_jbxs3zgpfr5y35smvq3xv2ncpfwjjedo-002E-_domainkey-002E-bookingdh-002E-xyz-002E-_CNAME__id": {
                    "sensitive": false,
                    "type": "string",
                    "value": "Z096030214DPHDTUYRX4W_jbxs3zgpfr5y35smvq3xv2ncpfwjjedo._domainkey.bookingdh.xyz._CNAME_"
                },
                "aws_route53_record_tfer--Z096030214DPHDTUYRX4W_kt5wxvnvblnoufazdx563wcqveuzwabh-002E-_domainkey-002E-bookingdh-002E-xyz-002E-_CNAME__id": {
                    "sensitive": false,
                    "type": "string",
                    "value": "Z096030214DPHDTUYRX4W_kt5wxvnvblnoufazdx563wcqveuzwabh._domainkey.bookingdh.xyz._CNAME_"
                },
                "aws_route53_record_tfer--Z096030214DPHDTUYRX4W_l5xec7pzqlnhjsp7suvapr3edf4ihezp-002E-_domainkey-002E-bookingdh-002E-xyz-002E-_CNAME__id": {
                    "sensitive": false,
                    "type": "string",
                    "value": "Z096030214DPHDTUYRX4W_l5xec7pzqlnhjsp7suvapr3edf4ihezp._domainkey.bookingdh.xyz._CNAME_"
                },
                "aws_route53_record_tfer--Z096030214DPHDTUYRX4W_mail-002E-bookingdh-002E-xyz-002E-_MX__id": {
                    "sensitive": false,
                    "type": "string",
                    "value": "Z096030214DPHDTUYRX4W_mail.bookingdh.xyz._MX_"
                },
                "aws_route53_record_tfer--Z096030214DPHDTUYRX4W_mail-002E-bookingdh-002E-xyz-002E-_TXT__id": {
                    "sensitive": false,
                    "type": "string",
                    "value": "Z096030214DPHDTUYRX4W_mail.bookingdh.xyz._TXT_"
                },
                "aws_route53_record_tfer--Z096030214DPHDTUYRX4W_no-002D-reply-002E-bookingdh-002E-xyz-002E-_MX__id": {
                    "sensitive": false,
                    "type": "string",
                    "value": "Z096030214DPHDTUYRX4W_no-reply.bookingdh.xyz._MX_"
                },
                "aws_route53_record_tfer--Z096030214DPHDTUYRX4W_no-002D-reply-002E-bookingdh-002E-xyz-002E-_TXT__id": {
                    "sensitive": false,
                    "type": "string",
                    "value": "Z096030214DPHDTUYRX4W_no-reply.bookingdh.xyz._TXT_"
                },
                "aws_route53_record_tfer--Z096030214DPHDTUYRX4W_obdrf7p347saflphnkltvbyf3rf2zpmx-002E-_domainkey-002E-bookingdh-002E-xyz-002E-_CNAME__id": {
                    "sensitive": false,
                    "type": "string",
                    "value": "Z096030214DPHDTUYRX4W_obdrf7p347saflphnkltvbyf3rf2zpmx._domainkey.bookingdh.xyz._CNAME_"
                },
                "aws_route53_record_tfer--Z096030214DPHDTUYRX4W_svobs7zduoatavuakvysbv4seikl2yoy-002E-_domainkey-002E-bookingdh-002E-xyz-002E-_CNAME__id": {
                    "sensitive": false,
                    "type": "string",
                    "value": "Z096030214DPHDTUYRX4W_svobs7zduoatavuakvysbv4seikl2yoy._domainkey.bookingdh.xyz._CNAME_"
                },
                "aws_route53_zone_tfer--Z00051292T27FQCQQSLM4_digitalbooking-002E-gq_id": {
                    "sensitive": false,
                    "type": "string",
                    "value": "Z00051292T27FQCQQSLM4"
                },
                "aws_route53_zone_tfer--Z01802632ZFK3F8UWNT5V_newdestiny-002E-tech_id": {
                    "sensitive": false,
                    "type": "string",
                    "value": "Z01802632ZFK3F8UWNT5V"
                },
                "aws_route53_zone_tfer--Z01846913CVFJ2I8G77DU_homu-002E-online_id": {
                    "sensitive": false,
                    "type": "string",
                    "value": "Z01846913CVFJ2I8G77DU"
                },
                "aws_route53_zone_tfer--Z018514937DC2LV2IH2Q6_code-002D-inn-002E-ar_id": {
                    "sensitive": false,
                    "type": "string",
                    "value": "Z018514937DC2LV2IH2Q6"
                },
                "aws_route53_zone_tfer--Z02644523J7DAR0MF1IP0_remo-002D-digitalbooking-002E-click_id": {
                    "sensitive": false,
                    "type": "string",
                    "value": "Z02644523J7DAR0MF1IP0"
                },
                "aws_route53_zone_tfer--Z03247112NK96B0NBWA3D_digitalbooking-002E-ddns-002E-net_id": {
                    "sensitive": false,
                    "type": "string",
                    "value": "Z03247112NK96B0NBWA3D"
                },
                "aws_route53_zone_tfer--Z04291301MCSO7B1DONMF_digitalzooking-002E-sytes-002E-net_id": {
                    "sensitive": false,
                    "type": "string",
                    "value": "Z04291301MCSO7B1DONMF"
                },
                "aws_route53_zone_tfer--Z07926372NVPPFQ2XLANY_digitalbooking-002E-cf_id": {
                    "sensitive": false,
                    "type": "string",
                    "value": "Z07926372NVPPFQ2XLANY"
                },
                "aws_route53_zone_tfer--Z08319491MMJ85TFY350S_digitalbookingg5-002E-com_id": {
                    "sensitive": false,
                    "type": "string",
                    "value": "Z08319491MMJ85TFY350S"
                },
                "aws_route53_zone_tfer--Z08902081C9UQY9AOULWD_comotuhogar-002E-ddns-002E-net_id": {
                    "sensitive": false,
                    "type": "string",
                    "value": "Z08902081C9UQY9AOULWD"
                },
                "aws_route53_zone_tfer--Z096030214DPHDTUYRX4W_bookingdh-002E-xyz_id": {
                    "sensitive": false,
                    "type": "string",
                    "value": "Z096030214DPHDTUYRX4W"
                }
            },
            "resources": {
                "aws_route53_record.tfer--Z00051292T27FQCQQSLM4_digitalbooking-002E-gq-002E-_A_": {
                    "type": "aws_route53_record",
                    "depends_on": [],
                    "primary": {
                        "id": "Z00051292T27FQCQQSLM4_digitalbooking.gq._A_",
                        "attributes": {
                            "alias.#": "1",
                            "alias.0.evaluate_target_health": "false",
                            "alias.0.name": "dev-dinamita-elb-backend-1298060362.us-west-2.elb.amazonaws.com",
                            "alias.0.zone_id": "Z1H1FL5HABSF5",
                            "fqdn": "digitalbooking.gq",
                            "health_check_id": "",
                            "id": "Z00051292T27FQCQQSLM4_digitalbooking.gq._A_",
                            "name": "digitalbooking.gq",
                            "records.#": "0",
                            "set_identifier": "",
                            "ttl": "0",
                            "type": "A",
                            "zone_id": "Z00051292T27FQCQQSLM4"
                        },
                        "meta": {
                            "schema_version": 2
                        },
                        "tainted": false
                    },
                    "deposed": [],
                    "provider": "provider.aws"
                },
                "aws_route53_record.tfer--Z00051292T27FQCQQSLM4_digitalbooking-002E-gq-002E-_NS_": {
                    "type": "aws_route53_record",
                    "depends_on": [],
                    "primary": {
                        "id": "Z00051292T27FQCQQSLM4_digitalbooking.gq._NS_",
                        "attributes": {
                            "fqdn": "digitalbooking.gq",
                            "health_check_id": "",
                            "id": "Z00051292T27FQCQQSLM4_digitalbooking.gq._NS_",
                            "name": "digitalbooking.gq",
                            "records.#": "4",
                            "records.0": "ns-1513.awsdns-61.org.",
                            "records.1": "ns-1759.awsdns-27.co.uk.",
                            "records.2": "ns-5.awsdns-00.com.",
                            "records.3": "ns-796.awsdns-35.net.",
                            "set_identifier": "",
                            "ttl": "172800",
                            "type": "NS",
                            "zone_id": "Z00051292T27FQCQQSLM4"
                        },
                        "meta": {
                            "schema_version": 2
                        },
                        "tainted": false
                    },
                    "deposed": [],
                    "provider": "provider.aws"
                },
                "aws_route53_record.tfer--Z00051292T27FQCQQSLM4_digitalbooking-002E-gq-002E-_SOA_": {
                    "type": "aws_route53_record",
                    "depends_on": [],
                    "primary": {
                        "id": "Z00051292T27FQCQQSLM4_digitalbooking.gq._SOA_",
                        "attributes": {
                            "fqdn": "digitalbooking.gq",
                            "health_check_id": "",
                            "id": "Z00051292T27FQCQQSLM4_digitalbooking.gq._SOA_",
                            "name": "digitalbooking.gq",
                            "records.#": "1",
                            "records.0": "ns-1513.awsdns-61.org. awsdns-hostmaster.amazon.com. 1 7200 900 1209600 86400",
                            "set_identifier": "",
                            "ttl": "900",
                            "type": "SOA",
                            "zone_id": "Z00051292T27FQCQQSLM4"
                        },
                        "meta": {
                            "schema_version": 2
                        },
                        "tainted": false
                    },
                    "deposed": [],
                    "provider": "provider.aws"
                },
                "aws_route53_record.tfer--Z00051292T27FQCQQSLM4_www-002E-digitalbooking-002E-gq-002E-_A_": {
                    "type": "aws_route53_record",
                    "depends_on": [],
                    "primary": {
                        "id": "Z00051292T27FQCQQSLM4_www.digitalbooking.gq._A_",
                        "attributes": {
                            "alias.#": "1",
                            "alias.0.evaluate_target_health": "false",
                            "alias.0.name": "dev-dinamita-elb-backend-1298060362.us-west-2.elb.amazonaws.com",
                            "alias.0.zone_id": "Z1H1FL5HABSF5",
                            "fqdn": "www.digitalbooking.gq",
                            "health_check_id": "",
                            "id": "Z00051292T27FQCQQSLM4_www.digitalbooking.gq._A_",
                            "name": "www.digitalbooking.gq",
                            "records.#": "0",
                            "set_identifier": "",
                            "ttl": "0",
                            "type": "A",
                            "zone_id": "Z00051292T27FQCQQSLM4"
                        },
                        "meta": {
                            "schema_version": 2
                        },
                        "tainted": false
                    },
                    "deposed": [],
                    "provider": "provider.aws"
                },
                "aws_route53_record.tfer--Z01802632ZFK3F8UWNT5V_newdestiny-002E-tech-002E-_A_": {
                    "type": "aws_route53_record",
                    "depends_on": [],
                    "primary": {
                        "id": "Z01802632ZFK3F8UWNT5V_newdestiny.tech._A_",
                        "attributes": {
                            "alias.#": "1",
                            "alias.0.evaluate_target_health": "true",
                            "alias.0.name": "s3-website-us-east-1.amazonaws.com",
                            "alias.0.zone_id": "Z3AQBSTGFYJSTF",
                            "fqdn": "newdestiny.tech",
                            "health_check_id": "",
                            "id": "Z01802632ZFK3F8UWNT5V_newdestiny.tech._A_",
                            "name": "newdestiny.tech",
                            "records.#": "0",
                            "set_identifier": "",
                            "ttl": "0",
                            "type": "A",
                            "zone_id": "Z01802632ZFK3F8UWNT5V"
                        },
                        "meta": {
                            "schema_version": 2
                        },
                        "tainted": false
                    },
                    "deposed": [],
                    "provider": "provider.aws"
                },
                "aws_route53_record.tfer--Z01802632ZFK3F8UWNT5V_newdestiny-002E-tech-002E-_NS_": {
                    "type": "aws_route53_record",
                    "depends_on": [],
                    "primary": {
                        "id": "Z01802632ZFK3F8UWNT5V_newdestiny.tech._NS_",
                        "attributes": {
                            "fqdn": "newdestiny.tech",
                            "health_check_id": "",
                            "id": "Z01802632ZFK3F8UWNT5V_newdestiny.tech._NS_",
                            "name": "newdestiny.tech",
                            "records.#": "4",
                            "records.0": "ns-1492.awsdns-58.org.",
                            "records.1": "ns-1558.awsdns-02.co.uk.",
                            "records.2": "ns-553.awsdns-05.net.",
                            "records.3": "ns-68.awsdns-08.com.",
                            "set_identifier": "",
                            "ttl": "172800",
                            "type": "NS",
                            "zone_id": "Z01802632ZFK3F8UWNT5V"
                        },
                        "meta": {
                            "schema_version": 2
                        },
                        "tainted": false
                    },
                    "deposed": [],
                    "provider": "provider.aws"
                },
                "aws_route53_record.tfer--Z01802632ZFK3F8UWNT5V_newdestiny-002E-tech-002E-_SOA_": {
                    "type": "aws_route53_record",
                    "depends_on": [],
                    "primary": {
                        "id": "Z01802632ZFK3F8UWNT5V_newdestiny.tech._SOA_",
                        "attributes": {
                            "fqdn": "newdestiny.tech",
                            "health_check_id": "",
                            "id": "Z01802632ZFK3F8UWNT5V_newdestiny.tech._SOA_",
                            "name": "newdestiny.tech",
                            "records.#": "1",
                            "records.0": "ns-553.awsdns-05.net. awsdns-hostmaster.amazon.com. 1 7200 900 1209600 86400",
                            "set_identifier": "",
                            "ttl": "900",
                            "type": "SOA",
                            "zone_id": "Z01802632ZFK3F8UWNT5V"
                        },
                        "meta": {
                            "schema_version": 2
                        },
                        "tainted": false
                    },
                    "deposed": [],
                    "provider": "provider.aws"
                },
                "aws_route53_record.tfer--Z01846913CVFJ2I8G77DU_homu-002E-online-002E-_A_": {
                    "type": "aws_route53_record",
                    "depends_on": [],
                    "primary": {
                        "id": "Z01846913CVFJ2I8G77DU_homu.online._A_",
                        "attributes": {
                            "alias.#": "1",
                            "alias.0.evaluate_target_health": "true",
                            "alias.0.name": "s3-website.us-east-2.amazonaws.com",
                            "alias.0.zone_id": "Z2O1EMRO9K5GLX",
                            "fqdn": "homu.online",
                            "health_check_id": "",
                            "id": "Z01846913CVFJ2I8G77DU_homu.online._A_",
                            "name": "homu.online",
                            "records.#": "0",
                            "set_identifier": "",
                            "ttl": "0",
                            "type": "A",
                            "zone_id": "Z01846913CVFJ2I8G77DU"
                        },
                        "meta": {
                            "schema_version": 2
                        },
                        "tainted": false
                    },
                    "deposed": [],
                    "provider": "provider.aws"
                },
                "aws_route53_record.tfer--Z01846913CVFJ2I8G77DU_homu-002E-online-002E-_NS_": {
                    "type": "aws_route53_record",
                    "depends_on": [],
                    "primary": {
                        "id": "Z01846913CVFJ2I8G77DU_homu.online._NS_",
                        "attributes": {
                            "fqdn": "homu.online",
                            "health_check_id": "",
                            "id": "Z01846913CVFJ2I8G77DU_homu.online._NS_",
                            "name": "homu.online",
                            "records.#": "4",
                            "records.0": "ns-1518.awsdns-61.org.",
                            "records.1": "ns-1833.awsdns-37.co.uk.",
                            "records.2": "ns-234.awsdns-29.com.",
                            "records.3": "ns-634.awsdns-15.net.",
                            "set_identifier": "",
                            "ttl": "172800",
                            "type": "NS",
                            "zone_id": "Z01846913CVFJ2I8G77DU"
                        },
                        "meta": {
                            "schema_version": 2
                        },
                        "tainted": false
                    },
                    "deposed": [],
                    "provider": "provider.aws"
                },
                "aws_route53_record.tfer--Z01846913CVFJ2I8G77DU_homu-002E-online-002E-_SOA_": {
                    "type": "aws_route53_record",
                    "depends_on": [],
                    "primary": {
                        "id": "Z01846913CVFJ2I8G77DU_homu.online._SOA_",
                        "attributes": {
                            "fqdn": "homu.online",
                            "health_check_id": "",
                            "id": "Z01846913CVFJ2I8G77DU_homu.online._SOA_",
                            "name": "homu.online",
                            "records.#": "1",
                            "records.0": "ns-234.awsdns-29.com. awsdns-hostmaster.amazon.com. 1 7200 900 1209600 86400",
                            "set_identifier": "",
                            "ttl": "900",
                            "type": "SOA",
                            "zone_id": "Z01846913CVFJ2I8G77DU"
                        },
                        "meta": {
                            "schema_version": 2
                        },
                        "tainted": false
                    },
                    "deposed": [],
                    "provider": "provider.aws"
                },
                "aws_route53_record.tfer--Z018514937DC2LV2IH2Q6_code-002D-inn-002E-ar-002E-_A_": {
                    "type": "aws_route53_record",
                    "depends_on": [],
                    "primary": {
                        "id": "Z018514937DC2LV2IH2Q6_code-inn.ar._A_",
                        "attributes": {
                            "alias.#": "1",
                            "alias.0.evaluate_target_health": "true",
                            "alias.0.name": "s3-website-us-west-1.amazonaws.com",
                            "alias.0.zone_id": "Z2F56UZL2M1ACD",
                            "fqdn": "code-inn.ar",
                            "health_check_id": "",
                            "id": "Z018514937DC2LV2IH2Q6_code-inn.ar._A_",
                            "name": "code-inn.ar",
                            "records.#": "0",
                            "set_identifier": "",
                            "ttl": "0",
                            "type": "A",
                            "zone_id": "Z018514937DC2LV2IH2Q6"
                        },
                        "meta": {
                            "schema_version": 2
                        },
                        "tainted": false
                    },
                    "deposed": [],
                    "provider": "provider.aws"
                },
                "aws_route53_record.tfer--Z018514937DC2LV2IH2Q6_code-002D-inn-002E-ar-002E-_NS_": {
                    "type": "aws_route53_record",
                    "depends_on": [],
                    "primary": {
                        "id": "Z018514937DC2LV2IH2Q6_code-inn.ar._NS_",
                        "attributes": {
                            "fqdn": "code-inn.ar",
                            "health_check_id": "",
                            "id": "Z018514937DC2LV2IH2Q6_code-inn.ar._NS_",
                            "name": "code-inn.ar",
                            "records.#": "4",
                            "records.0": "ns-1083.awsdns-07.org.",
                            "records.1": "ns-1933.awsdns-49.co.uk.",
                            "records.2": "ns-289.awsdns-36.com.",
                            "records.3": "ns-606.awsdns-11.net.",
                            "set_identifier": "",
                            "ttl": "172800",
                            "type": "NS",
                            "zone_id": "Z018514937DC2LV2IH2Q6"
                        },
                        "meta": {
                            "schema_version": 2
                        },
                        "tainted": false
                    },
                    "deposed": [],
                    "provider": "provider.aws"
                },
                "aws_route53_record.tfer--Z018514937DC2LV2IH2Q6_code-002D-inn-002E-ar-002E-_SOA_": {
                    "type": "aws_route53_record",
                    "depends_on": [],
                    "primary": {
                        "id": "Z018514937DC2LV2IH2Q6_code-inn.ar._SOA_",
                        "attributes": {
                            "fqdn": "code-inn.ar",
                            "health_check_id": "",
                            "id": "Z018514937DC2LV2IH2Q6_code-inn.ar._SOA_",
                            "name": "code-inn.ar",
                            "records.#": "1",
                            "records.0": "ns-1933.awsdns-49.co.uk. awsdns-hostmaster.amazon.com. 1 7200 900 1209600 86400",
                            "set_identifier": "",
                            "ttl": "900",
                            "type": "SOA",
                            "zone_id": "Z018514937DC2LV2IH2Q6"
                        },
                        "meta": {
                            "schema_version": 2
                        },
                        "tainted": false
                    },
                    "deposed": [],
                    "provider": "provider.aws"
                },
                "aws_route53_record.tfer--Z02644523J7DAR0MF1IP0_remo-002D-digitalbooking-002E-click-002E-_A_": {
                    "type": "aws_route53_record",
                    "depends_on": [],
                    "primary": {
                        "id": "Z02644523J7DAR0MF1IP0_remo-digitalbooking.click._A_",
                        "attributes": {
                            "alias.#": "1",
                            "alias.0.evaluate_target_health": "true",
                            "alias.0.name": "remo-digitalbooking-env-prod.eba-xby23mds.us-west-1.elasticbeanstalk.com",
                            "alias.0.zone_id": "Z1LQECGX5PH1X",
                            "fqdn": "remo-digitalbooking.click",
                            "health_check_id": "",
                            "id": "Z02644523J7DAR0MF1IP0_remo-digitalbooking.click._A_",
                            "name": "remo-digitalbooking.click",
                            "records.#": "0",
                            "set_identifier": "",
                            "ttl": "0",
                            "type": "A",
                            "zone_id": "Z02644523J7DAR0MF1IP0"
                        },
                        "meta": {
                            "schema_version": 2
                        },
                        "tainted": false
                    },
                    "deposed": [],
                    "provider": "provider.aws"
                },
                "aws_route53_record.tfer--Z02644523J7DAR0MF1IP0_remo-002D-digitalbooking-002E-click-002E-_NS_": {
                    "type": "aws_route53_record",
                    "depends_on": [],
                    "primary": {
                        "id": "Z02644523J7DAR0MF1IP0_remo-digitalbooking.click._NS_",
                        "attributes": {
                            "fqdn": "remo-digitalbooking.click",
                            "health_check_id": "",
                            "id": "Z02644523J7DAR0MF1IP0_remo-digitalbooking.click._NS_",
                            "name": "remo-digitalbooking.click",
                            "records.#": "4",
                            "records.0": "ns-1392.awsdns-46.org.",
                            "records.1": "ns-1961.awsdns-53.co.uk.",
                            "records.2": "ns-25.awsdns-03.com.",
                            "records.3": "ns-589.awsdns-09.net.",
                            "set_identifier": "",
                            "ttl": "172800",
                            "type": "NS",
                            "zone_id": "Z02644523J7DAR0MF1IP0"
                        },
                        "meta": {
                            "schema_version": 2
                        },
                        "tainted": false
                    },
                    "deposed": [],
                    "provider": "provider.aws"
                },
                "aws_route53_record.tfer--Z02644523J7DAR0MF1IP0_remo-002D-digitalbooking-002E-click-002E-_SOA_": {
                    "type": "aws_route53_record",
                    "depends_on": [],
                    "primary": {
                        "id": "Z02644523J7DAR0MF1IP0_remo-digitalbooking.click._SOA_",
                        "attributes": {
                            "fqdn": "remo-digitalbooking.click",
                            "health_check_id": "",
                            "id": "Z02644523J7DAR0MF1IP0_remo-digitalbooking.click._SOA_",
                            "name": "remo-digitalbooking.click",
                            "records.#": "1",
                            "records.0": "ns-25.awsdns-03.com. awsdns-hostmaster.amazon.com. 1 7200 900 1209600 86400",
                            "set_identifier": "",
                            "ttl": "900",
                            "type": "SOA",
                            "zone_id": "Z02644523J7DAR0MF1IP0"
                        },
                        "meta": {
                            "schema_version": 2
                        },
                        "tainted": false
                    },
                    "deposed": [],
                    "provider": "provider.aws"
                },
                "aws_route53_record.tfer--Z03247112NK96B0NBWA3D_dev-002E-digitalbooking-002E-ddns-002E-net-002E-_A_": {
                    "type": "aws_route53_record",
                    "depends_on": [],
                    "primary": {
                        "id": "Z03247112NK96B0NBWA3D_dev.digitalbooking.ddns.net._A_",
                        "attributes": {
                            "fqdn": "dev.digitalbooking.ddns.net",
                            "health_check_id": "",
                            "id": "Z03247112NK96B0NBWA3D_dev.digitalbooking.ddns.net._A_",
                            "name": "dev.digitalbooking.ddns.net",
                            "records.#": "1",
                            "records.0": "18.191.92.48",
                            "set_identifier": "",
                            "ttl": "60",
                            "type": "A",
                            "zone_id": "Z03247112NK96B0NBWA3D"
                        },
                        "meta": {
                            "schema_version": 2
                        },
                        "tainted": false
                    },
                    "deposed": [],
                    "provider": "provider.aws"
                },
                "aws_route53_record.tfer--Z03247112NK96B0NBWA3D_digitalbooking-002E-ddns-002E-net-002E-_NS_": {
                    "type": "aws_route53_record",
                    "depends_on": [],
                    "primary": {
                        "id": "Z03247112NK96B0NBWA3D_digitalbooking.ddns.net._NS_",
                        "attributes": {
                            "fqdn": "digitalbooking.ddns.net",
                            "health_check_id": "",
                            "id": "Z03247112NK96B0NBWA3D_digitalbooking.ddns.net._NS_",
                            "name": "digitalbooking.ddns.net",
                            "records.#": "4",
                            "records.0": "ns-1518.awsdns-61.org.",
                            "records.1": "ns-157.awsdns-19.com.",
                            "records.2": "ns-1864.awsdns-41.co.uk.",
                            "records.3": "ns-742.awsdns-28.net.",
                            "set_identifier": "",
                            "ttl": "172800",
                            "type": "NS",
                            "zone_id": "Z03247112NK96B0NBWA3D"
                        },
                        "meta": {
                            "schema_version": 2
                        },
                        "tainted": false
                    },
                    "deposed": [],
                    "provider": "provider.aws"
                },
                "aws_route53_record.tfer--Z03247112NK96B0NBWA3D_digitalbooking-002E-ddns-002E-net-002E-_SOA_": {
                    "type": "aws_route53_record",
                    "depends_on": [],
                    "primary": {
                        "id": "Z03247112NK96B0NBWA3D_digitalbooking.ddns.net._SOA_",
                        "attributes": {
                            "fqdn": "digitalbooking.ddns.net",
                            "health_check_id": "",
                            "id": "Z03247112NK96B0NBWA3D_digitalbooking.ddns.net._SOA_",
                            "name": "digitalbooking.ddns.net",
                            "records.#": "1",
                            "records.0": "ns-1864.awsdns-41.co.uk. awsdns-hostmaster.amazon.com. 1 7200 900 1209600 86400",
                            "set_identifier": "",
                            "ttl": "900",
                            "type": "SOA",
                            "zone_id": "Z03247112NK96B0NBWA3D"
                        },
                        "meta": {
                            "schema_version": 2
                        },
                        "tainted": false
                    },
                    "deposed": [],
                    "provider": "provider.aws"
                },
                "aws_route53_record.tfer--Z03247112NK96B0NBWA3D_www-002E-digitalbooking-002E-ddns-002E-net-002E-_CNAME_": {
                    "type": "aws_route53_record",
                    "depends_on": [],
                    "primary": {
                        "id": "Z03247112NK96B0NBWA3D_www.digitalbooking.ddns.net._CNAME_",
                        "attributes": {
                            "fqdn": "www.digitalbooking.ddns.net",
                            "health_check_id": "",
                            "id": "Z03247112NK96B0NBWA3D_www.digitalbooking.ddns.net._CNAME_",
                            "name": "www.digitalbooking.ddns.net",
                            "records.#": "1",
                            "records.0": "18.191.92.48",
                            "set_identifier": "",
                            "ttl": "300",
                            "type": "CNAME",
                            "zone_id": "Z03247112NK96B0NBWA3D"
                        },
                        "meta": {
                            "schema_version": 2
                        },
                        "tainted": false
                    },
                    "deposed": [],
                    "provider": "provider.aws"
                },
                "aws_route53_record.tfer--Z04291301MCSO7B1DONMF_digitalzooking-002E-sytes-002E-net-002E-_A_": {
                    "type": "aws_route53_record",
                    "depends_on": [],
                    "primary": {
                        "id": "Z04291301MCSO7B1DONMF_digitalzooking.sytes.net._A_",
                        "attributes": {
                            "alias.#": "1",
                            "alias.0.evaluate_target_health": "true",
                            "alias.0.name": "g6c1-2076445147.eu-north-1.elb.amazonaws.com",
                            "alias.0.zone_id": "Z23TAZ6LKFMNIO",
                            "fqdn": "digitalzooking.sytes.net",
                            "health_check_id": "",
                            "id": "Z04291301MCSO7B1DONMF_digitalzooking.sytes.net._A_",
                            "name": "digitalzooking.sytes.net",
                            "records.#": "0",
                            "set_identifier": "",
                            "ttl": "0",
                            "type": "A",
                            "zone_id": "Z04291301MCSO7B1DONMF"
                        },
                        "meta": {
                            "schema_version": 2
                        },
                        "tainted": false
                    },
                    "deposed": [],
                    "provider": "provider.aws"
                },
                "aws_route53_record.tfer--Z04291301MCSO7B1DONMF_digitalzooking-002E-sytes-002E-net-002E-_NS_": {
                    "type": "aws_route53_record",
                    "depends_on": [],
                    "primary": {
                        "id": "Z04291301MCSO7B1DONMF_digitalzooking.sytes.net._NS_",
                        "attributes": {
                            "fqdn": "digitalzooking.sytes.net",
                            "health_check_id": "",
                            "id": "Z04291301MCSO7B1DONMF_digitalzooking.sytes.net._NS_",
                            "name": "digitalzooking.sytes.net",
                            "records.#": "4",
                            "records.0": "ns-1111.awsdns-10.org.",
                            "records.1": "ns-1599.awsdns-07.co.uk.",
                            "records.2": "ns-244.awsdns-30.com.",
                            "records.3": "ns-799.awsdns-35.net.",
                            "set_identifier": "",
                            "ttl": "172800",
                            "type": "NS",
                            "zone_id": "Z04291301MCSO7B1DONMF"
                        },
                        "meta": {
                            "schema_version": 2
                        },
                        "tainted": false
                    },
                    "deposed": [],
                    "provider": "provider.aws"
                },
                "aws_route53_record.tfer--Z04291301MCSO7B1DONMF_digitalzooking-002E-sytes-002E-net-002E-_SOA_": {
                    "type": "aws_route53_record",
                    "depends_on": [],
                    "primary": {
                        "id": "Z04291301MCSO7B1DONMF_digitalzooking.sytes.net._SOA_",
                        "attributes": {
                            "fqdn": "digitalzooking.sytes.net",
                            "health_check_id": "",
                            "id": "Z04291301MCSO7B1DONMF_digitalzooking.sytes.net._SOA_",
                            "name": "digitalzooking.sytes.net",
                            "records.#": "1",
                            "records.0": "ns-799.awsdns-35.net. awsdns-hostmaster.amazon.com. 1 7200 900 1209600 86400",
                            "set_identifier": "",
                            "ttl": "900",
                            "type": "SOA",
                            "zone_id": "Z04291301MCSO7B1DONMF"
                        },
                        "meta": {
                            "schema_version": 2
                        },
                        "tainted": false
                    },
                    "deposed": [],
                    "provider": "provider.aws"
                },
                "aws_route53_record.tfer--Z07926372NVPPFQ2XLANY_digitalbooking-002E-cf-002E-_A_": {
                    "type": "aws_route53_record",
                    "depends_on": [],
                    "primary": {
                        "id": "Z07926372NVPPFQ2XLANY_digitalbooking.cf._A_",
                        "attributes": {
                            "alias.#": "1",
                            "alias.0.evaluate_target_health": "false",
                            "alias.0.name": "dev-dinamita-lb-frontend-244646937.us-west-2.elb.amazonaws.com",
                            "alias.0.zone_id": "Z1H1FL5HABSF5",
                            "fqdn": "digitalbooking.cf",
                            "health_check_id": "",
                            "id": "Z07926372NVPPFQ2XLANY_digitalbooking.cf._A_",
                            "name": "digitalbooking.cf",
                            "records.#": "0",
                            "set_identifier": "",
                            "ttl": "0",
                            "type": "A",
                            "zone_id": "Z07926372NVPPFQ2XLANY"
                        },
                        "meta": {
                            "schema_version": 2
                        },
                        "tainted": false
                    },
                    "deposed": [],
                    "provider": "provider.aws"
                },
                "aws_route53_record.tfer--Z07926372NVPPFQ2XLANY_digitalbooking-002E-cf-002E-_NS_": {
                    "type": "aws_route53_record",
                    "depends_on": [],
                    "primary": {
                        "id": "Z07926372NVPPFQ2XLANY_digitalbooking.cf._NS_",
                        "attributes": {
                            "fqdn": "digitalbooking.cf",
                            "health_check_id": "",
                            "id": "Z07926372NVPPFQ2XLANY_digitalbooking.cf._NS_",
                            "name": "digitalbooking.cf",
                            "records.#": "4",
                            "records.0": "ns-1217.awsdns-24.org.",
                            "records.1": "ns-1913.awsdns-47.co.uk.",
                            "records.2": "ns-403.awsdns-50.com.",
                            "records.3": "ns-846.awsdns-41.net.",
                            "set_identifier": "",
                            "ttl": "172800",
                            "type": "NS",
                            "zone_id": "Z07926372NVPPFQ2XLANY"
                        },
                        "meta": {
                            "schema_version": 2
                        },
                        "tainted": false
                    },
                    "deposed": [],
                    "provider": "provider.aws"
                },
                "aws_route53_record.tfer--Z07926372NVPPFQ2XLANY_digitalbooking-002E-cf-002E-_SOA_": {
                    "type": "aws_route53_record",
                    "depends_on": [],
                    "primary": {
                        "id": "Z07926372NVPPFQ2XLANY_digitalbooking.cf._SOA_",
                        "attributes": {
                            "fqdn": "digitalbooking.cf",
                            "health_check_id": "",
                            "id": "Z07926372NVPPFQ2XLANY_digitalbooking.cf._SOA_",
                            "name": "digitalbooking.cf",
                            "records.#": "1",
                            "records.0": "ns-1913.awsdns-47.co.uk. awsdns-hostmaster.amazon.com. 1 7200 900 1209600 86400",
                            "set_identifier": "",
                            "ttl": "900",
                            "type": "SOA",
                            "zone_id": "Z07926372NVPPFQ2XLANY"
                        },
                        "meta": {
                            "schema_version": 2
                        },
                        "tainted": false
                    },
                    "deposed": [],
                    "provider": "provider.aws"
                },
                "aws_route53_record.tfer--Z07926372NVPPFQ2XLANY_www-002E-digitalbooking-002E-cf-002E-_A_": {
                    "type": "aws_route53_record",
                    "depends_on": [],
                    "primary": {
                        "id": "Z07926372NVPPFQ2XLANY_www.digitalbooking.cf._A_",
                        "attributes": {
                            "alias.#": "1",
                            "alias.0.evaluate_target_health": "false",
                            "alias.0.name": "dev-dinamita-lb-frontend-244646937.us-west-2.elb.amazonaws.com",
                            "alias.0.zone_id": "Z1H1FL5HABSF5",
                            "fqdn": "www.digitalbooking.cf",
                            "health_check_id": "",
                            "id": "Z07926372NVPPFQ2XLANY_www.digitalbooking.cf._A_",
                            "name": "www.digitalbooking.cf",
                            "records.#": "0",
                            "set_identifier": "",
                            "ttl": "0",
                            "type": "A",
                            "zone_id": "Z07926372NVPPFQ2XLANY"
                        },
                        "meta": {
                            "schema_version": 2
                        },
                        "tainted": false
                    },
                    "deposed": [],
                    "provider": "provider.aws"
                },
                "aws_route53_record.tfer--Z08319491MMJ85TFY350S_dev-002E-digitalbookingg5-002E-com-002E-_A_": {
                    "type": "aws_route53_record",
                    "depends_on": [],
                    "primary": {
                        "id": "Z08319491MMJ85TFY350S_dev.digitalbookingg5.com._A_",
                        "attributes": {
                            "fqdn": "dev.digitalbookingg5.com",
                            "health_check_id": "",
                            "id": "Z08319491MMJ85TFY350S_dev.digitalbookingg5.com._A_",
                            "name": "dev.digitalbookingg5.com",
                            "records.#": "1",
                            "records.0": "18.191.92.48",
                            "set_identifier": "",
                            "ttl": "60",
                            "type": "A",
                            "zone_id": "Z08319491MMJ85TFY350S"
                        },
                        "meta": {
                            "schema_version": 2
                        },
                        "tainted": false
                    },
                    "deposed": [],
                    "provider": "provider.aws"
                },
                "aws_route53_record.tfer--Z08319491MMJ85TFY350S_digitalbookingg5-002E-com-002E-_NS_": {
                    "type": "aws_route53_record",
                    "depends_on": [],
                    "primary": {
                        "id": "Z08319491MMJ85TFY350S_digitalbookingg5.com._NS_",
                        "attributes": {
                            "fqdn": "digitalbookingg5.com",
                            "health_check_id": "",
                            "id": "Z08319491MMJ85TFY350S_digitalbookingg5.com._NS_",
                            "name": "digitalbookingg5.com",
                            "records.#": "4",
                            "records.0": "ns-1276.awsdns-31.org.",
                            "records.1": "ns-197.awsdns-24.com.",
                            "records.2": "ns-1996.awsdns-57.co.uk.",
                            "records.3": "ns-568.awsdns-07.net.",
                            "set_identifier": "",
                            "ttl": "172800",
                            "type": "NS",
                            "zone_id": "Z08319491MMJ85TFY350S"
                        },
                        "meta": {
                            "schema_version": 2
                        },
                        "tainted": false
                    },
                    "deposed": [],
                    "provider": "provider.aws"
                },
                "aws_route53_record.tfer--Z08319491MMJ85TFY350S_digitalbookingg5-002E-com-002E-_SOA_": {
                    "type": "aws_route53_record",
                    "depends_on": [],
                    "primary": {
                        "id": "Z08319491MMJ85TFY350S_digitalbookingg5.com._SOA_",
                        "attributes": {
                            "fqdn": "digitalbookingg5.com",
                            "health_check_id": "",
                            "id": "Z08319491MMJ85TFY350S_digitalbookingg5.com._SOA_",
                            "name": "digitalbookingg5.com",
                            "records.#": "1",
                            "records.0": "ns-1276.awsdns-31.org. awsdns-hostmaster.amazon.com. 1 7200 900 1209600 86400",
                            "set_identifier": "",
                            "ttl": "900",
                            "type": "SOA",
                            "zone_id": "Z08319491MMJ85TFY350S"
                        },
                        "meta": {
                            "schema_version": 2
                        },
                        "tainted": false
                    },
                    "deposed": [],
                    "provider": "provider.aws"
                },
                "aws_route53_record.tfer--Z08902081C9UQY9AOULWD_comotuhogar-002E-ddns-002E-net-002E-_A_": {
                    "type": "aws_route53_record",
                    "depends_on": [],
                    "primary": {
                        "id": "Z08902081C9UQY9AOULWD_comotuhogar.ddns.net._A_",
                        "attributes": {
                            "fqdn": "comotuhogar.ddns.net",
                            "health_check_id": "",
                            "id": "Z08902081C9UQY9AOULWD_comotuhogar.ddns.net._A_",
                            "name": "comotuhogar.ddns.net",
                            "records.#": "1",
                            "records.0": "54.67.94.169",
                            "set_identifier": "",
                            "ttl": "300",
                            "type": "A",
                            "zone_id": "Z08902081C9UQY9AOULWD"
                        },
                        "meta": {
                            "schema_version": 2
                        },
                        "tainted": false
                    },
                    "deposed": [],
                    "provider": "provider.aws"
                },
                "aws_route53_record.tfer--Z08902081C9UQY9AOULWD_comotuhogar-002E-ddns-002E-net-002E-_NS_": {
                    "type": "aws_route53_record",
                    "depends_on": [],
                    "primary": {
                        "id": "Z08902081C9UQY9AOULWD_comotuhogar.ddns.net._NS_",
                        "attributes": {
                            "fqdn": "comotuhogar.ddns.net",
                            "health_check_id": "",
                            "id": "Z08902081C9UQY9AOULWD_comotuhogar.ddns.net._NS_",
                            "name": "comotuhogar.ddns.net",
                            "records.#": "4",
                            "records.0": "ns-1373.awsdns-43.org.",
                            "records.1": "ns-2028.awsdns-61.co.uk.",
                            "records.2": "ns-410.awsdns-51.com.",
                            "records.3": "ns-798.awsdns-35.net.",
                            "set_identifier": "",
                            "ttl": "172800",
                            "type": "NS",
                            "zone_id": "Z08902081C9UQY9AOULWD"
                        },
                        "meta": {
                            "schema_version": 2
                        },
                        "tainted": false
                    },
                    "deposed": [],
                    "provider": "provider.aws"
                },
                "aws_route53_record.tfer--Z08902081C9UQY9AOULWD_comotuhogar-002E-ddns-002E-net-002E-_SOA_": {
                    "type": "aws_route53_record",
                    "depends_on": [],
                    "primary": {
                        "id": "Z08902081C9UQY9AOULWD_comotuhogar.ddns.net._SOA_",
                        "attributes": {
                            "fqdn": "comotuhogar.ddns.net",
                            "health_check_id": "",
                            "id": "Z08902081C9UQY9AOULWD_comotuhogar.ddns.net._SOA_",
                            "name": "comotuhogar.ddns.net",
                            "records.#": "1",
                            "records.0": "ns-798.awsdns-35.net. awsdns-hostmaster.amazon.com. 1 7200 900 1209600 86400",
                            "set_identifier": "",
                            "ttl": "900",
                            "type": "SOA",
                            "zone_id": "Z08902081C9UQY9AOULWD"
                        },
                        "meta": {
                            "schema_version": 2
                        },
                        "tainted": false
                    },
                    "deposed": [],
                    "provider": "provider.aws"
                },
                "aws_route53_record.tfer--Z096030214DPHDTUYRX4W__50d97a0673ae005184d603c71c77958b-002E-bookingdh-002E-xyz-002E-_CNAME_": {
                    "type": "aws_route53_record",
                    "depends_on": [],
                    "primary": {
                        "id": "Z096030214DPHDTUYRX4W__50d97a0673ae005184d603c71c77958b.bookingdh.xyz._CNAME_",
                        "attributes": {
                            "fqdn": "_50d97a0673ae005184d603c71c77958b.bookingdh.xyz",
                            "health_check_id": "",
                            "id": "Z096030214DPHDTUYRX4W__50d97a0673ae005184d603c71c77958b.bookingdh.xyz._CNAME_",
                            "name": "_50d97a0673ae005184d603c71c77958b.bookingdh.xyz",
                            "records.#": "1",
                            "records.0": "_e819143986eba0c59ebb783212f69e5f.btkxpdzscj.acm-validations.aws.",
                            "set_identifier": "",
                            "ttl": "300",
                            "type": "CNAME",
                            "zone_id": "Z096030214DPHDTUYRX4W"
                        },
                        "meta": {
                            "schema_version": 2
                        },
                        "tainted": false
                    },
                    "deposed": [],
                    "provider": "provider.aws"
                },
                "aws_route53_record.tfer--Z096030214DPHDTUYRX4W__amazonses-002E-bookingdh-002E-xyz-002E-_TXT_": {
                    "type": "aws_route53_record",
                    "depends_on": [],
                    "primary": {
                        "id": "Z096030214DPHDTUYRX4W__amazonses.bookingdh.xyz._TXT_",
                        "attributes": {
                            "fqdn": "_amazonses.bookingdh.xyz",
                            "health_check_id": "",
                            "id": "Z096030214DPHDTUYRX4W__amazonses.bookingdh.xyz._TXT_",
                            "name": "_amazonses.bookingdh.xyz",
                            "records.#": "1",
                            "records.0": "oV2XFl8eZOmq1bPLr0CEssyf5jT4Ww/B7pttvSxVdew=",
                            "set_identifier": "",
                            "ttl": "300",
                            "type": "TXT",
                            "zone_id": "Z096030214DPHDTUYRX4W"
                        },
                        "meta": {
                            "schema_version": 2
                        },
                        "tainted": false
                    },
                    "deposed": [],
                    "provider": "provider.aws"
                },
                "aws_route53_record.tfer--Z096030214DPHDTUYRX4W_bookingdh-002E-xyz-002E-_A_": {
                    "type": "aws_route53_record",
                    "depends_on": [],
                    "primary": {
                        "id": "Z096030214DPHDTUYRX4W_bookingdh.xyz._A_",
                        "attributes": {
                            "fqdn": "bookingdh.xyz",
                            "health_check_id": "",
                            "id": "Z096030214DPHDTUYRX4W_bookingdh.xyz._A_",
                            "name": "bookingdh.xyz",
                            "records.#": "1",
                            "records.0": "100.21.237.65",
                            "set_identifier": "",
                            "ttl": "300",
                            "type": "A",
                            "zone_id": "Z096030214DPHDTUYRX4W"
                        },
                        "meta": {
                            "schema_version": 2
                        },
                        "tainted": false
                    },
                    "deposed": [],
                    "provider": "provider.aws"
                },
                "aws_route53_record.tfer--Z096030214DPHDTUYRX4W_bookingdh-002E-xyz-002E-_NS_": {
                    "type": "aws_route53_record",
                    "depends_on": [],
                    "primary": {
                        "id": "Z096030214DPHDTUYRX4W_bookingdh.xyz._NS_",
                        "attributes": {
                            "fqdn": "bookingdh.xyz",
                            "health_check_id": "",
                            "id": "Z096030214DPHDTUYRX4W_bookingdh.xyz._NS_",
                            "name": "bookingdh.xyz",
                            "records.#": "4",
                            "records.0": "ns-1201.awsdns-22.org.",
                            "records.1": "ns-1766.awsdns-28.co.uk.",
                            "records.2": "ns-234.awsdns-29.com.",
                            "records.3": "ns-886.awsdns-46.net.",
                            "set_identifier": "",
                            "ttl": "172800",
                            "type": "NS",
                            "zone_id": "Z096030214DPHDTUYRX4W"
                        },
                        "meta": {
                            "schema_version": 2
                        },
                        "tainted": false
                    },
                    "deposed": [],
                    "provider": "provider.aws"
                },
                "aws_route53_record.tfer--Z096030214DPHDTUYRX4W_bookingdh-002E-xyz-002E-_SOA_": {
                    "type": "aws_route53_record",
                    "depends_on": [],
                    "primary": {
                        "id": "Z096030214DPHDTUYRX4W_bookingdh.xyz._SOA_",
                        "attributes": {
                            "fqdn": "bookingdh.xyz",
                            "health_check_id": "",
                            "id": "Z096030214DPHDTUYRX4W_bookingdh.xyz._SOA_",
                            "name": "bookingdh.xyz",
                            "records.#": "1",
                            "records.0": "ns-234.awsdns-29.com. awsdns-hostmaster.amazon.com. 1 7200 900 1209600 86400",
                            "set_identifier": "",
                            "ttl": "900",
                            "type": "SOA",
                            "zone_id": "Z096030214DPHDTUYRX4W"
                        },
                        "meta": {
                            "schema_version": 2
                        },
                        "tainted": false
                    },
                    "deposed": [],
                    "provider": "provider.aws"
                },
                "aws_route53_record.tfer--Z096030214DPHDTUYRX4W_bookingdh-002E-xyz-002E-_TXT_": {
                    "type": "aws_route53_record",
                    "depends_on": [],
                    "primary": {
                        "id": "Z096030214DPHDTUYRX4W_bookingdh.xyz._TXT_",
                        "attributes": {
                            "fqdn": "bookingdh.xyz",
                            "health_check_id": "",
                            "id": "Z096030214DPHDTUYRX4W_bookingdh.xyz._TXT_",
                            "name": "bookingdh.xyz",
                            "records.#": "1",
                            "records.0": "amazonses:oV2XFl8eZOmq1bPLr0CEssyf5jT4Ww/B7pttvSxVdew=",
                            "set_identifier": "",
                            "ttl": "300",
                            "type": "TXT",
                            "zone_id": "Z096030214DPHDTUYRX4W"
                        },
                        "meta": {
                            "schema_version": 2
                        },
                        "tainted": false
                    },
                    "deposed": [],
                    "provider": "provider.aws"
                },
                "aws_route53_record.tfer--Z096030214DPHDTUYRX4W_j7qnusmdsyiehwmq6gose2iuoejo3ucc-002E-_domainkey-002E-bookingdh-002E-xyz-002E-_CNAME_": {
                    "type": "aws_route53_record",
                    "depends_on": [],
                    "primary": {
                        "id": "Z096030214DPHDTUYRX4W_j7qnusmdsyiehwmq6gose2iuoejo3ucc._domainkey.bookingdh.xyz._CNAME_",
                        "attributes": {
                            "fqdn": "j7qnusmdsyiehwmq6gose2iuoejo3ucc._domainkey.bookingdh.xyz",
                            "health_check_id": "",
                            "id": "Z096030214DPHDTUYRX4W_j7qnusmdsyiehwmq6gose2iuoejo3ucc._domainkey.bookingdh.xyz._CNAME_",
                            "name": "j7qnusmdsyiehwmq6gose2iuoejo3ucc._domainkey.bookingdh.xyz",
                            "records.#": "1",
                            "records.0": "j7qnusmdsyiehwmq6gose2iuoejo3ucc.dkim.amazonses.com",
                            "set_identifier": "",
                            "ttl": "300",
                            "type": "CNAME",
                            "zone_id": "Z096030214DPHDTUYRX4W"
                        },
                        "meta": {
                            "schema_version": 2
                        },
                        "tainted": false
                    },
                    "deposed": [],
                    "provider": "provider.aws"
                },
                "aws_route53_record.tfer--Z096030214DPHDTUYRX4W_jbxs3zgpfr5y35smvq3xv2ncpfwjjedo-002E-_domainkey-002E-bookingdh-002E-xyz-002E-_CNAME_": {
                    "type": "aws_route53_record",
                    "depends_on": [],
                    "primary": {
                        "id": "Z096030214DPHDTUYRX4W_jbxs3zgpfr5y35smvq3xv2ncpfwjjedo._domainkey.bookingdh.xyz._CNAME_",
                        "attributes": {
                            "fqdn": "jbxs3zgpfr5y35smvq3xv2ncpfwjjedo._domainkey.bookingdh.xyz",
                            "health_check_id": "",
                            "id": "Z096030214DPHDTUYRX4W_jbxs3zgpfr5y35smvq3xv2ncpfwjjedo._domainkey.bookingdh.xyz._CNAME_",
                            "name": "jbxs3zgpfr5y35smvq3xv2ncpfwjjedo._domainkey.bookingdh.xyz",
                            "records.#": "1",
                            "records.0": "jbxs3zgpfr5y35smvq3xv2ncpfwjjedo.dkim.amazonses.com",
                            "set_identifier": "",
                            "ttl": "1800",
                            "type": "CNAME",
                            "zone_id": "Z096030214DPHDTUYRX4W"
                        },
                        "meta": {
                            "schema_version": 2
                        },
                        "tainted": false
                    },
                    "deposed": [],
                    "provider": "provider.aws"
                },
                "aws_route53_record.tfer--Z096030214DPHDTUYRX4W_kt5wxvnvblnoufazdx563wcqveuzwabh-002E-_domainkey-002E-bookingdh-002E-xyz-002E-_CNAME_": {
                    "type": "aws_route53_record",
                    "depends_on": [],
                    "primary": {
                        "id": "Z096030214DPHDTUYRX4W_kt5wxvnvblnoufazdx563wcqveuzwabh._domainkey.bookingdh.xyz._CNAME_",
                        "attributes": {
                            "fqdn": "kt5wxvnvblnoufazdx563wcqveuzwabh._domainkey.bookingdh.xyz",
                            "health_check_id": "",
                            "id": "Z096030214DPHDTUYRX4W_kt5wxvnvblnoufazdx563wcqveuzwabh._domainkey.bookingdh.xyz._CNAME_",
                            "name": "kt5wxvnvblnoufazdx563wcqveuzwabh._domainkey.bookingdh.xyz",
                            "records.#": "1",
                            "records.0": "kt5wxvnvblnoufazdx563wcqveuzwabh.dkim.amazonses.com",
                            "set_identifier": "",
                            "ttl": "300",
                            "type": "CNAME",
                            "zone_id": "Z096030214DPHDTUYRX4W"
                        },
                        "meta": {
                            "schema_version": 2
                        },
                        "tainted": false
                    },
                    "deposed": [],
                    "provider": "provider.aws"
                },
                "aws_route53_record.tfer--Z096030214DPHDTUYRX4W_l5xec7pzqlnhjsp7suvapr3edf4ihezp-002E-_domainkey-002E-bookingdh-002E-xyz-002E-_CNAME_": {
                    "type": "aws_route53_record",
                    "depends_on": [],
                    "primary": {
                        "id": "Z096030214DPHDTUYRX4W_l5xec7pzqlnhjsp7suvapr3edf4ihezp._domainkey.bookingdh.xyz._CNAME_",
                        "attributes": {
                            "fqdn": "l5xec7pzqlnhjsp7suvapr3edf4ihezp._domainkey.bookingdh.xyz",
                            "health_check_id": "",
                            "id": "Z096030214DPHDTUYRX4W_l5xec7pzqlnhjsp7suvapr3edf4ihezp._domainkey.bookingdh.xyz._CNAME_",
                            "name": "l5xec7pzqlnhjsp7suvapr3edf4ihezp._domainkey.bookingdh.xyz",
                            "records.#": "1",
                            "records.0": "l5xec7pzqlnhjsp7suvapr3edf4ihezp.dkim.amazonses.com",
                            "set_identifier": "",
                            "ttl": "1800",
                            "type": "CNAME",
                            "zone_id": "Z096030214DPHDTUYRX4W"
                        },
                        "meta": {
                            "schema_version": 2
                        },
                        "tainted": false
                    },
                    "deposed": [],
                    "provider": "provider.aws"
                },
                "aws_route53_record.tfer--Z096030214DPHDTUYRX4W_mail-002E-bookingdh-002E-xyz-002E-_MX_": {
                    "type": "aws_route53_record",
                    "depends_on": [],
                    "primary": {
                        "id": "Z096030214DPHDTUYRX4W_mail.bookingdh.xyz._MX_",
                        "attributes": {
                            "fqdn": "mail.bookingdh.xyz",
                            "health_check_id": "",
                            "id": "Z096030214DPHDTUYRX4W_mail.bookingdh.xyz._MX_",
                            "name": "mail.bookingdh.xyz",
                            "records.#": "1",
                            "records.0": "10 feedback-smtp.us-east-1.amazonses.com",
                            "set_identifier": "",
                            "ttl": "300",
                            "type": "MX",
                            "zone_id": "Z096030214DPHDTUYRX4W"
                        },
                        "meta": {
                            "schema_version": 2
                        },
                        "tainted": false
                    },
                    "deposed": [],
                    "provider": "provider.aws"
                },
                "aws_route53_record.tfer--Z096030214DPHDTUYRX4W_mail-002E-bookingdh-002E-xyz-002E-_TXT_": {
                    "type": "aws_route53_record",
                    "depends_on": [],
                    "primary": {
                        "id": "Z096030214DPHDTUYRX4W_mail.bookingdh.xyz._TXT_",
                        "attributes": {
                            "fqdn": "mail.bookingdh.xyz",
                            "health_check_id": "",
                            "id": "Z096030214DPHDTUYRX4W_mail.bookingdh.xyz._TXT_",
                            "name": "mail.bookingdh.xyz",
                            "records.#": "1",
                            "records.0": "v=spf1 include:amazonses.com ~all",
                            "set_identifier": "",
                            "ttl": "300",
                            "type": "TXT",
                            "zone_id": "Z096030214DPHDTUYRX4W"
                        },
                        "meta": {
                            "schema_version": 2
                        },
                        "tainted": false
                    },
                    "deposed": [],
                    "provider": "provider.aws"
                },
                "aws_route53_record.tfer--Z096030214DPHDTUYRX4W_no-002D-reply-002E-bookingdh-002E-xyz-002E-_MX_": {
                    "type": "aws_route53_record",
                    "depends_on": [],
                    "primary": {
                        "id": "Z096030214DPHDTUYRX4W_no-reply.bookingdh.xyz._MX_",
                        "attributes": {
                            "fqdn": "no-reply.bookingdh.xyz",
                            "health_check_id": "",
                            "id": "Z096030214DPHDTUYRX4W_no-reply.bookingdh.xyz._MX_",
                            "name": "no-reply.bookingdh.xyz",
                            "records.#": "1",
                            "records.0": "10 feedback-smtp.us-east-1.amazonses.com",
                            "set_identifier": "",
                            "ttl": "300",
                            "type": "MX",
                            "zone_id": "Z096030214DPHDTUYRX4W"
                        },
                        "meta": {
                            "schema_version": 2
                        },
                        "tainted": false
                    },
                    "deposed": [],
                    "provider": "provider.aws"
                },
                "aws_route53_record.tfer--Z096030214DPHDTUYRX4W_no-002D-reply-002E-bookingdh-002E-xyz-002E-_TXT_": {
                    "type": "aws_route53_record",
                    "depends_on": [],
                    "primary": {
                        "id": "Z096030214DPHDTUYRX4W_no-reply.bookingdh.xyz._TXT_",
                        "attributes": {
                            "fqdn": "no-reply.bookingdh.xyz",
                            "health_check_id": "",
                            "id": "Z096030214DPHDTUYRX4W_no-reply.bookingdh.xyz._TXT_",
                            "name": "no-reply.bookingdh.xyz",
                            "records.#": "1",
                            "records.0": "v=spf1 include:amazonses.com ~all",
                            "set_identifier": "",
                            "ttl": "300",
                            "type": "TXT",
                            "zone_id": "Z096030214DPHDTUYRX4W"
                        },
                        "meta": {
                            "schema_version": 2
                        },
                        "tainted": false
                    },
                    "deposed": [],
                    "provider": "provider.aws"
                },
                "aws_route53_record.tfer--Z096030214DPHDTUYRX4W_obdrf7p347saflphnkltvbyf3rf2zpmx-002E-_domainkey-002E-bookingdh-002E-xyz-002E-_CNAME_": {
                    "type": "aws_route53_record",
                    "depends_on": [],
                    "primary": {
                        "id": "Z096030214DPHDTUYRX4W_obdrf7p347saflphnkltvbyf3rf2zpmx._domainkey.bookingdh.xyz._CNAME_",
                        "attributes": {
                            "fqdn": "obdrf7p347saflphnkltvbyf3rf2zpmx._domainkey.bookingdh.xyz",
                            "health_check_id": "",
                            "id": "Z096030214DPHDTUYRX4W_obdrf7p347saflphnkltvbyf3rf2zpmx._domainkey.bookingdh.xyz._CNAME_",
                            "name": "obdrf7p347saflphnkltvbyf3rf2zpmx._domainkey.bookingdh.xyz",
                            "records.#": "1",
                            "records.0": "obdrf7p347saflphnkltvbyf3rf2zpmx.dkim.amazonses.com",
                            "set_identifier": "",
                            "ttl": "1800",
                            "type": "CNAME",
                            "zone_id": "Z096030214DPHDTUYRX4W"
                        },
                        "meta": {
                            "schema_version": 2
                        },
                        "tainted": false
                    },
                    "deposed": [],
                    "provider": "provider.aws"
                },
                "aws_route53_record.tfer--Z096030214DPHDTUYRX4W_svobs7zduoatavuakvysbv4seikl2yoy-002E-_domainkey-002E-bookingdh-002E-xyz-002E-_CNAME_": {
                    "type": "aws_route53_record",
                    "depends_on": [],
                    "primary": {
                        "id": "Z096030214DPHDTUYRX4W_svobs7zduoatavuakvysbv4seikl2yoy._domainkey.bookingdh.xyz._CNAME_",
                        "attributes": {
                            "fqdn": "svobs7zduoatavuakvysbv4seikl2yoy._domainkey.bookingdh.xyz",
                            "health_check_id": "",
                            "id": "Z096030214DPHDTUYRX4W_svobs7zduoatavuakvysbv4seikl2yoy._domainkey.bookingdh.xyz._CNAME_",
                            "name": "svobs7zduoatavuakvysbv4seikl2yoy._domainkey.bookingdh.xyz",
                            "records.#": "1",
                            "records.0": "svobs7zduoatavuakvysbv4seikl2yoy.dkim.amazonses.com",
                            "set_identifier": "",
                            "ttl": "300",
                            "type": "CNAME",
                            "zone_id": "Z096030214DPHDTUYRX4W"
                        },
                        "meta": {
                            "schema_version": 2
                        },
                        "tainted": false
                    },
                    "deposed": [],
                    "provider": "provider.aws"
                },
                "aws_route53_zone.tfer--Z00051292T27FQCQQSLM4_digitalbooking-002E-gq": {
                    "type": "aws_route53_zone",
                    "depends_on": [],
                    "primary": {
                        "id": "Z00051292T27FQCQQSLM4",
                        "attributes": {
                            "arn": "arn:aws:route53:::hostedzone/Z00051292T27FQCQQSLM4",
                            "comment": "",
                            "delegation_set_id": "",
                            "force_destroy": "false",
                            "id": "Z00051292T27FQCQQSLM4",
                            "name": "digitalbooking.gq",
                            "name_servers.#": "4",
                            "name_servers.0": "ns-1513.awsdns-61.org",
                            "name_servers.1": "ns-1759.awsdns-27.co.uk",
                            "name_servers.2": "ns-5.awsdns-00.com",
                            "name_servers.3": "ns-796.awsdns-35.net",
                            "tags.%": "1",
                            "tags.owners": "dinamitag10",
                            "tags_all.%": "1",
                            "tags_all.owners": "dinamitag10",
                            "vpc.#": "0",
                            "zone_id": "Z00051292T27FQCQQSLM4"
                        },
                        "meta": {
                            "schema_version": 0
                        },
                        "tainted": false
                    },
                    "deposed": [],
                    "provider": "provider.aws"
                },
                "aws_route53_zone.tfer--Z01802632ZFK3F8UWNT5V_newdestiny-002E-tech": {
                    "type": "aws_route53_zone",
                    "depends_on": [],
                    "primary": {
                        "id": "Z01802632ZFK3F8UWNT5V",
                        "attributes": {
                            "arn": "arn:aws:route53:::hostedzone/Z01802632ZFK3F8UWNT5V",
                            "comment": "",
                            "delegation_set_id": "",
                            "force_destroy": "false",
                            "id": "Z01802632ZFK3F8UWNT5V",
                            "name": "newdestiny.tech",
                            "name_servers.#": "4",
                            "name_servers.0": "ns-1492.awsdns-58.org",
                            "name_servers.1": "ns-1558.awsdns-02.co.uk",
                            "name_servers.2": "ns-553.awsdns-05.net",
                            "name_servers.3": "ns-68.awsdns-08.com",
                            "tags.%": "0",
                            "tags_all.%": "0",
                            "vpc.#": "0",
                            "zone_id": "Z01802632ZFK3F8UWNT5V"
                        },
                        "meta": {
                            "schema_version": 0
                        },
                        "tainted": false
                    },
                    "deposed": [],
                    "provider": "provider.aws"
                },
                "aws_route53_zone.tfer--Z01846913CVFJ2I8G77DU_homu-002E-online": {
                    "type": "aws_route53_zone",
                    "depends_on": [],
                    "primary": {
                        "id": "Z01846913CVFJ2I8G77DU",
                        "attributes": {
                            "arn": "arn:aws:route53:::hostedzone/Z01846913CVFJ2I8G77DU",
                            "comment": "",
                            "delegation_set_id": "",
                            "force_destroy": "false",
                            "id": "Z01846913CVFJ2I8G77DU",
                            "name": "homu.online",
                            "name_servers.#": "4",
                            "name_servers.0": "ns-1518.awsdns-61.org",
                            "name_servers.1": "ns-1833.awsdns-37.co.uk",
                            "name_servers.2": "ns-234.awsdns-29.com",
                            "name_servers.3": "ns-634.awsdns-15.net",
                            "tags.%": "0",
                            "tags_all.%": "0",
                            "vpc.#": "0",
                            "zone_id": "Z01846913CVFJ2I8G77DU"
                        },
                        "meta": {
                            "schema_version": 0
                        },
                        "tainted": false
                    },
                    "deposed": [],
                    "provider": "provider.aws"
                },
                "aws_route53_zone.tfer--Z018514937DC2LV2IH2Q6_code-002D-inn-002E-ar": {
                    "type": "aws_route53_zone",
                    "depends_on": [],
                    "primary": {
                        "id": "Z018514937DC2LV2IH2Q6",
                        "attributes": {
                            "arn": "arn:aws:route53:::hostedzone/Z018514937DC2LV2IH2Q6",
                            "comment": "Custom domain.",
                            "delegation_set_id": "",
                            "force_destroy": "false",
                            "id": "Z018514937DC2LV2IH2Q6",
                            "name": "code-inn.ar",
                            "name_servers.#": "4",
                            "name_servers.0": "ns-1083.awsdns-07.org",
                            "name_servers.1": "ns-1933.awsdns-49.co.uk",
                            "name_servers.2": "ns-289.awsdns-36.com",
                            "name_servers.3": "ns-606.awsdns-11.net",
                            "tags.%": "0",
                            "tags_all.%": "0",
                            "vpc.#": "0",
                            "zone_id": "Z018514937DC2LV2IH2Q6"
                        },
                        "meta": {
                            "schema_version": 0
                        },
                        "tainted": false
                    },
                    "deposed": [],
                    "provider": "provider.aws"
                },
                "aws_route53_zone.tfer--Z02644523J7DAR0MF1IP0_remo-002D-digitalbooking-002E-click": {
                    "type": "aws_route53_zone",
                    "depends_on": [],
                    "primary": {
                        "id": "Z02644523J7DAR0MF1IP0",
                        "attributes": {
                            "arn": "arn:aws:route53:::hostedzone/Z02644523J7DAR0MF1IP0",
                            "comment": "Managed by Terraform",
                            "delegation_set_id": "",
                            "force_destroy": "false",
                            "id": "Z02644523J7DAR0MF1IP0",
                            "name": "remo-digitalbooking.click",
                            "name_servers.#": "4",
                            "name_servers.0": "ns-1392.awsdns-46.org",
                            "name_servers.1": "ns-1961.awsdns-53.co.uk",
                            "name_servers.2": "ns-25.awsdns-03.com",
                            "name_servers.3": "ns-589.awsdns-09.net",
                            "tags.%": "2",
                            "tags.env": "",
                            "tags.environment": "",
                            "tags_all.%": "2",
                            "tags_all.env": "",
                            "tags_all.environment": "",
                            "vpc.#": "0",
                            "zone_id": "Z02644523J7DAR0MF1IP0"
                        },
                        "meta": {
                            "schema_version": 0
                        },
                        "tainted": false
                    },
                    "deposed": [],
                    "provider": "provider.aws"
                },
                "aws_route53_zone.tfer--Z03247112NK96B0NBWA3D_digitalbooking-002E-ddns-002E-net": {
                    "type": "aws_route53_zone",
                    "depends_on": [],
                    "primary": {
                        "id": "Z03247112NK96B0NBWA3D",
                        "attributes": {
                            "arn": "arn:aws:route53:::hostedzone/Z03247112NK96B0NBWA3D",
                            "comment": "",
                            "delegation_set_id": "",
                            "force_destroy": "false",
                            "id": "Z03247112NK96B0NBWA3D",
                            "name": "digitalbooking.ddns.net",
                            "name_servers.#": "4",
                            "name_servers.0": "ns-1518.awsdns-61.org",
                            "name_servers.1": "ns-157.awsdns-19.com",
                            "name_servers.2": "ns-1864.awsdns-41.co.uk",
                            "name_servers.3": "ns-742.awsdns-28.net",
                            "tags.%": "1",
                            "tags.name": "grupo5",
                            "tags_all.%": "1",
                            "tags_all.name": "grupo5",
                            "vpc.#": "0",
                            "zone_id": "Z03247112NK96B0NBWA3D"
                        },
                        "meta": {
                            "schema_version": 0
                        },
                        "tainted": false
                    },
                    "deposed": [],
                    "provider": "provider.aws"
                },
                "aws_route53_zone.tfer--Z04291301MCSO7B1DONMF_digitalzooking-002E-sytes-002E-net": {
                    "type": "aws_route53_zone",
                    "depends_on": [],
                    "primary": {
                        "id": "Z04291301MCSO7B1DONMF",
                        "attributes": {
                            "arn": "arn:aws:route53:::hostedzone/Z04291301MCSO7B1DONMF",
                            "comment": "G6C1 digital zooking",
                            "delegation_set_id": "",
                            "force_destroy": "false",
                            "id": "Z04291301MCSO7B1DONMF",
                            "name": "digitalzooking.sytes.net",
                            "name_servers.#": "4",
                            "name_servers.0": "ns-1111.awsdns-10.org",
                            "name_servers.1": "ns-1599.awsdns-07.co.uk",
                            "name_servers.2": "ns-244.awsdns-30.com",
                            "name_servers.3": "ns-799.awsdns-35.net",
                            "tags.%": "0",
                            "tags_all.%": "0",
                            "vpc.#": "0",
                            "zone_id": "Z04291301MCSO7B1DONMF"
                        },
                        "meta": {
                            "schema_version": 0
                        },
                        "tainted": false
                    },
                    "deposed": [],
                    "provider": "provider.aws"
                },
                "aws_route53_zone.tfer--Z07926372NVPPFQ2XLANY_digitalbooking-002E-cf": {
                    "type": "aws_route53_zone",
                    "depends_on": [],
                    "primary": {
                        "id": "Z07926372NVPPFQ2XLANY",
                        "attributes": {
                            "arn": "arn:aws:route53:::hostedzone/Z07926372NVPPFQ2XLANY",
                            "comment": "",
                            "delegation_set_id": "",
                            "force_destroy": "false",
                            "id": "Z07926372NVPPFQ2XLANY",
                            "name": "digitalbooking.cf",
                            "name_servers.#": "4",
                            "name_servers.0": "ns-1217.awsdns-24.org",
                            "name_servers.1": "ns-1913.awsdns-47.co.uk",
                            "name_servers.2": "ns-403.awsdns-50.com",
                            "name_servers.3": "ns-846.awsdns-41.net",
                            "tags.%": "0",
                            "tags_all.%": "0",
                            "vpc.#": "0",
                            "zone_id": "Z07926372NVPPFQ2XLANY"
                        },
                        "meta": {
                            "schema_version": 0
                        },
                        "tainted": false
                    },
                    "deposed": [],
                    "provider": "provider.aws"
                },
                "aws_route53_zone.tfer--Z08319491MMJ85TFY350S_digitalbookingg5-002E-com": {
                    "type": "aws_route53_zone",
                    "depends_on": [],
                    "primary": {
                        "id": "Z08319491MMJ85TFY350S",
                        "attributes": {
                            "arn": "arn:aws:route53:::hostedzone/Z08319491MMJ85TFY350S",
                            "comment": "",
                            "delegation_set_id": "",
                            "force_destroy": "false",
                            "id": "Z08319491MMJ85TFY350S",
                            "name": "digitalbookingg5.com",
                            "name_servers.#": "4",
                            "name_servers.0": "ns-1276.awsdns-31.org",
                            "name_servers.1": "ns-197.awsdns-24.com",
                            "name_servers.2": "ns-1996.awsdns-57.co.uk",
                            "name_servers.3": "ns-568.awsdns-07.net",
                            "tags.%": "0",
                            "tags_all.%": "0",
                            "vpc.#": "0",
                            "zone_id": "Z08319491MMJ85TFY350S"
                        },
                        "meta": {
                            "schema_version": 0
                        },
                        "tainted": false
                    },
                    "deposed": [],
                    "provider": "provider.aws"
                },
                "aws_route53_zone.tfer--Z08902081C9UQY9AOULWD_comotuhogar-002E-ddns-002E-net": {
                    "type": "aws_route53_zone",
                    "depends_on": [],
                    "primary": {
                        "id": "Z08902081C9UQY9AOULWD",
                        "attributes": {
                            "arn": "arn:aws:route53:::hostedzone/Z08902081C9UQY9AOULWD",
                            "comment": "Grupo08-Camada05",
                            "delegation_set_id": "",
                            "force_destroy": "false",
                            "id": "Z08902081C9UQY9AOULWD",
                            "name": "comotuhogar.ddns.net",
                            "name_servers.#": "4",
                            "name_servers.0": "ns-1373.awsdns-43.org",
                            "name_servers.1": "ns-2028.awsdns-61.co.uk",
                            "name_servers.2": "ns-410.awsdns-51.com",
                            "name_servers.3": "ns-798.awsdns-35.net",
                            "tags.%": "0",
                            "tags_all.%": "0",
                            "vpc.#": "0",
                            "zone_id": "Z08902081C9UQY9AOULWD"
                        },
                        "meta": {
                            "schema_version": 0
                        },
                        "tainted": false
                    },
                    "deposed": [],
                    "provider": "provider.aws"
                },
                "aws_route53_zone.tfer--Z096030214DPHDTUYRX4W_bookingdh-002E-xyz": {
                    "type": "aws_route53_zone",
                    "depends_on": [],
                    "primary": {
                        "id": "Z096030214DPHDTUYRX4W",
                        "attributes": {
                            "arn": "arn:aws:route53:::hostedzone/Z096030214DPHDTUYRX4W",
                            "comment": "domainC5Grupo10",
                            "delegation_set_id": "",
                            "force_destroy": "false",
                            "id": "Z096030214DPHDTUYRX4W",
                            "name": "bookingdh.xyz",
                            "name_servers.#": "4",
                            "name_servers.0": "ns-1201.awsdns-22.org",
                            "name_servers.1": "ns-1766.awsdns-28.co.uk",
                            "name_servers.2": "ns-234.awsdns-29.com",
                            "name_servers.3": "ns-886.awsdns-46.net",
                            "tags.%": "0",
                            "tags_all.%": "0",
                            "vpc.#": "0",
                            "zone_id": "Z096030214DPHDTUYRX4W"
                        },
                        "meta": {
                            "schema_version": 0
                        },
                        "tainted": false
                    },
                    "deposed": [],
                    "provider": "provider.aws"
                }
            },
            "depends_on": []
        }
    ]
}
